PODS:
  - AFNetworking (2.6.3):
    - AFNetworking/NSURLConnection (= 2.6.3)
    - AFNetworking/NSURLSession (= 2.6.3)
    - AFNetworking/Reachability (= 2.6.3)
    - AFNetworking/Security (= 2.6.3)
    - AFNetworking/Serialization (= 2.6.3)
    - AFNetworking/UIKit (= 2.6.3)
  - AFNetworking/NSURLConnection (2.6.3):
    - AFNetworking/Reachability
    - AFNetworking/Security
    - AFNetworking/Serialization
  - AFNetworking/NSURLSession (2.6.3):
    - AFNetworking/Reachability
    - AFNetworking/Security
    - AFNetworking/Serialization
  - AFNetworking/Reachability (2.6.3)
  - AFNetworking/Security (2.6.3)
  - AFNetworking/Serialization (2.6.3)
  - AFNetworking/UIKit (2.6.3):
    - AFNetworking/NSURLConnection
    - AFNetworking/NSURLSession
  - Alamofire (3.4.1)
  - ForecastIOClient (0.1.0):
    - AFNetworking (~> 2.3)
    - SwiftyJSON
  - SBPickerSelector (1.1.0):
    - SBPickerSelector/Core (= 1.1.0)
  - SBPickerSelector/Core (1.1.0)
  - SVProgressHUD (2.0.3)
  - SwiftDate (3.0.8)
  - SwiftyJSON (2.3.2)

DEPENDENCIES:
  - Alamofire
  - ForecastIOClient
  - SBPickerSelector
  - SVProgressHUD
  - SwiftDate
  - SwiftyJSON (from `https://github.com/SwiftyJSON/SwiftyJSON.git`)

EXTERNAL SOURCES:
  SwiftyJSON:
    :git: https://github.com/SwiftyJSON/SwiftyJSON.git

CHECKOUT OPTIONS:
  SwiftyJSON:
    :commit: 2a5b70f06001316d4fb54501edc70b4084705da0
    :git: https://github.com/SwiftyJSON/SwiftyJSON.git

SPEC CHECKSUMS:
  AFNetworking: cb8d14a848e831097108418f5d49217339d4eb60
  Alamofire: 01a82e2f6c0f860ade35534c8dd88be61bdef40c
  ForecastIOClient: 6e05ea0b011df040fb2fcc334798fff427446805
  SBPickerSelector: 0e3c2f0c46a37fce9cee3db6210423d94f904c2e
  SVProgressHUD: b0830714205bea1317ea1a2ebc71e5633af334d4
  SwiftDate: 971f8b9394f664f2226b9c3ab64e801a7291c612
  SwiftyJSON: 04ccea08915aa0109039157c7974cf0298da292a

PODFILE CHECKSUM: 9946eca19aebb84ed74f3fcc32f667ff1b73a860

COCOAPODS: 1.0.1
